// !$*UTF8*$!
{
	archiveVersion = 1;
	classes = {
	};
	objectVersion = 50;
	objects = {

/* Begin PBXBuildFile section */
		1314DB7124E0261A00AC938B /* NetworkServiceMock.swift in Sources */ = {isa = PBXBuildFile; fileRef = 1314DB7024E0261A00AC938B /* NetworkServiceMock.swift */; };
		1314DB7324E0263300AC938B /* UserData.swift in Sources */ = {isa = PBXBuildFile; fileRef = 1314DB7224E0263300AC938B /* UserData.swift */; };
		1314DB7724E02F7A00AC938B /* ConversationTableViewController.swift in Sources */ = {isa = PBXBuildFile; fileRef = 1314DB7624E02F7A00AC938B /* ConversationTableViewController.swift */; };
		1314DB7924E0321A00AC938B /* ConversationData.swift in Sources */ = {isa = PBXBuildFile; fileRef = 1314DB7824E0321A00AC938B /* ConversationData.swift */; };
		137B373F24DFFCFC00A46747 /* AppDelegate.swift in Sources */ = {isa = PBXBuildFile; fileRef = 137B373E24DFFCFC00A46747 /* AppDelegate.swift */; };
		137B374124DFFCFC00A46747 /* SceneDelegate.swift in Sources */ = {isa = PBXBuildFile; fileRef = 137B374024DFFCFC00A46747 /* SceneDelegate.swift */; };
		137B374624DFFCFC00A46747 /* Main.storyboard in Resources */ = {isa = PBXBuildFile; fileRef = 137B374424DFFCFC00A46747 /* Main.storyboard */; };
		137B374B24DFFD0100A46747 /* LaunchScreen.storyboard in Resources */ = {isa = PBXBuildFile; fileRef = 137B374924DFFD0100A46747 /* LaunchScreen.storyboard */; };
		137B375624DFFD0200A46747 /* DavDoktorConversationTests.swift in Sources */ = {isa = PBXBuildFile; fileRef = 137B375524DFFD0200A46747 /* DavDoktorConversationTests.swift */; };
		137B376724DFFEA300A46747 /* MainMenuTableViewController.swift in Sources */ = {isa = PBXBuildFile; fileRef = 137B376124DFFEA300A46747 /* MainMenuTableViewController.swift */; };
		137B376824DFFEA300A46747 /* Assets.xcassets in Resources */ = {isa = PBXBuildFile; fileRef = 137B376424DFFEA300A46747 /* Assets.xcassets */; };
		137B377024E0013A00A46747 /* Info.plist in Resources */ = {isa = PBXBuildFile; fileRef = 137B376F24E0013A00A46747 /* Info.plist */; };
		137B377224E005C500A46747 /* User.swift in Sources */ = {isa = PBXBuildFile; fileRef = 137B377124E005C500A46747 /* User.swift */; };
		137B377824E0091600A46747 /* Message.swift in Sources */ = {isa = PBXBuildFile; fileRef = 137B377724E0091600A46747 /* Message.swift */; };
		137B377A24E0096A00A46747 /* Conversation.swift in Sources */ = {isa = PBXBuildFile; fileRef = 137B377924E0096A00A46747 /* Conversation.swift */; };
/* End PBXBuildFile section */

/* Begin PBXContainerItemProxy section */
		137B375224DFFD0200A46747 /* PBXContainerItemProxy */ = {
			isa = PBXContainerItemProxy;
			containerPortal = 137B373324DFFCFB00A46747 /* Project object */;
			proxyType = 1;
			remoteGlobalIDString = 137B373A24DFFCFC00A46747;
			remoteInfo = DavDoktor;
		};
/* End PBXContainerItemProxy section */

/* Begin PBXFileReference section */
		1314DB7024E0261A00AC938B /* NetworkServiceMock.swift */ = {isa = PBXFileReference; lastKnownFileType = sourcecode.swift; path = NetworkServiceMock.swift; sourceTree = "<group>"; };
		1314DB7224E0263300AC938B /* UserData.swift */ = {isa = PBXFileReference; lastKnownFileType = sourcecode.swift; path = UserData.swift; sourceTree = "<group>"; };
		1314DB7624E02F7A00AC938B /* ConversationTableViewController.swift */ = {isa = PBXFileReference; lastKnownFileType = sourcecode.swift; path = ConversationTableViewController.swift; sourceTree = "<group>"; };
		1314DB7824E0321A00AC938B /* ConversationData.swift */ = {isa = PBXFileReference; lastKnownFileType = sourcecode.swift; path = ConversationData.swift; sourceTree = "<group>"; };
		137B373B24DFFCFC00A46747 /* DavDoktor.app */ = {isa = PBXFileReference; explicitFileType = wrapper.application; includeInIndex = 0; path = DavDoktor.app; sourceTree = BUILT_PRODUCTS_DIR; };
		137B373E24DFFCFC00A46747 /* AppDelegate.swift */ = {isa = PBXFileReference; lastKnownFileType = sourcecode.swift; path = AppDelegate.swift; sourceTree = "<group>"; };
		137B374024DFFCFC00A46747 /* SceneDelegate.swift */ = {isa = PBXFileReference; lastKnownFileType = sourcecode.swift; path = SceneDelegate.swift; sourceTree = "<group>"; };
		137B374524DFFCFC00A46747 /* Base */ = {isa = PBXFileReference; lastKnownFileType = file.storyboard; name = Base; path = Base.lproj/Main.storyboard; sourceTree = "<group>"; };
		137B374A24DFFD0100A46747 /* Base */ = {isa = PBXFileReference; lastKnownFileType = file.storyboard; name = Base; path = Base.lproj/LaunchScreen.storyboard; sourceTree = "<group>"; };
		137B375124DFFD0200A46747 /* DavDoktorTests.xctest */ = {isa = PBXFileReference; explicitFileType = wrapper.cfbundle; includeInIndex = 0; path = DavDoktorTests.xctest; sourceTree = BUILT_PRODUCTS_DIR; };
		137B375524DFFD0200A46747 /* DavDoktorConversationTests.swift */ = {isa = PBXFileReference; lastKnownFileType = sourcecode.swift; path = DavDoktorConversationTests.swift; sourceTree = "<group>"; };
		137B375724DFFD0200A46747 /* Info.plist */ = {isa = PBXFileReference; lastKnownFileType = text.plist.xml; path = Info.plist; sourceTree = "<group>"; };
		137B376124DFFEA300A46747 /* MainMenuTableViewController.swift */ = {isa = PBXFileReference; fileEncoding = 4; lastKnownFileType = sourcecode.swift; path = MainMenuTableViewController.swift; sourceTree = "<group>"; };
		137B376424DFFEA300A46747 /* Assets.xcassets */ = {isa = PBXFileReference; lastKnownFileType = folder.assetcatalog; path = Assets.xcassets; sourceTree = "<group>"; };
		137B376F24E0013A00A46747 /* Info.plist */ = {isa = PBXFileReference; fileEncoding = 4; lastKnownFileType = text.plist.xml; path = Info.plist; sourceTree = "<group>"; };
		137B377124E005C500A46747 /* User.swift */ = {isa = PBXFileReference; lastKnownFileType = sourcecode.swift; path = User.swift; sourceTree = "<group>"; };
		137B377724E0091600A46747 /* Message.swift */ = {isa = PBXFileReference; lastKnownFileType = sourcecode.swift; path = Message.swift; sourceTree = "<group>"; };
		137B377924E0096A00A46747 /* Conversation.swift */ = {isa = PBXFileReference; lastKnownFileType = sourcecode.swift; path = Conversation.swift; sourceTree = "<group>"; };
/* End PBXFileReference section */

/* Begin PBXFrameworksBuildPhase section */
		137B373824DFFCFC00A46747 /* Frameworks */ = {
			isa = PBXFrameworksBuildPhase;
			buildActionMask = 2147483647;
			files = (
			);
			runOnlyForDeploymentPostprocessing = 0;
		};
		137B374E24DFFD0200A46747 /* Frameworks */ = {
			isa = PBXFrameworksBuildPhase;
			buildActionMask = 2147483647;
			files = (
			);
			runOnlyForDeploymentPostprocessing = 0;
		};
/* End PBXFrameworksBuildPhase section */

/* Begin PBXGroup section */
		1314DB6F24E025FE00AC938B /* Data */ = {
			isa = PBXGroup;
			children = (
				1314DB7024E0261A00AC938B /* NetworkServiceMock.swift */,
				1314DB7224E0263300AC938B /* UserData.swift */,
				1314DB7824E0321A00AC938B /* ConversationData.swift */,
			);
			path = Data;
			sourceTree = "<group>";
		};
		137B373224DFFCFB00A46747 = {
			isa = PBXGroup;
			children = (
				137B373D24DFFCFC00A46747 /* DavDoktor */,
				137B375424DFFD0200A46747 /* DavDoktorTests */,
				137B373C24DFFCFC00A46747 /* Products */,
			);
			sourceTree = "<group>";
		};
		137B373C24DFFCFC00A46747 /* Products */ = {
			isa = PBXGroup;
			children = (
				137B373B24DFFCFC00A46747 /* DavDoktor.app */,
				137B375124DFFD0200A46747 /* DavDoktorTests.xctest */,
			);
			name = Products;
			sourceTree = "<group>";
		};
		137B373D24DFFCFC00A46747 /* DavDoktor */ = {
			isa = PBXGroup;
			children = (
				1314DB6F24E025FE00AC938B /* Data */,
				137B376024DFFEA300A46747 /* Controllers */,
				137B376224DFFEA300A46747 /* Models */,
				137B376324DFFEA300A46747 /* Resources */,
				137B376624DFFEA300A46747 /* Views */,
				137B373E24DFFCFC00A46747 /* AppDelegate.swift */,
				137B374024DFFCFC00A46747 /* SceneDelegate.swift */,
				137B374424DFFCFC00A46747 /* Main.storyboard */,
				137B374924DFFD0100A46747 /* LaunchScreen.storyboard */,
			);
			path = DavDoktor;
			sourceTree = "<group>";
		};
		137B375424DFFD0200A46747 /* DavDoktorTests */ = {
			isa = PBXGroup;
			children = (
				137B375524DFFD0200A46747 /* DavDoktorConversationTests.swift */,
				137B375724DFFD0200A46747 /* Info.plist */,
			);
			path = DavDoktorTests;
			sourceTree = "<group>";
		};
		137B376024DFFEA300A46747 /* Controllers */ = {
			isa = PBXGroup;
			children = (
				137B376124DFFEA300A46747 /* MainMenuTableViewController.swift */,
				1314DB7624E02F7A00AC938B /* ConversationTableViewController.swift */,
			);
			path = Controllers;
			sourceTree = "<group>";
		};
		137B376224DFFEA300A46747 /* Models */ = {
			isa = PBXGroup;
			children = (
				137B377124E005C500A46747 /* User.swift */,
				137B377724E0091600A46747 /* Message.swift */,
				137B377924E0096A00A46747 /* Conversation.swift */,
			);
			path = Models;
			sourceTree = "<group>";
		};
		137B376324DFFEA300A46747 /* Resources */ = {
			isa = PBXGroup;
			children = (
				137B376F24E0013A00A46747 /* Info.plist */,
				137B376424DFFEA300A46747 /* Assets.xcassets */,
			);
			path = Resources;
			sourceTree = "<group>";
		};
		137B376624DFFEA300A46747 /* Views */ = {
			isa = PBXGroup;
			children = (
			);
			path = Views;
			sourceTree = "<group>";
		};
/* End PBXGroup section */

/* Begin PBXNativeTarget section */
		137B373A24DFFCFC00A46747 /* DavDoktor */ = {
			isa = PBXNativeTarget;
			buildConfigurationList = 137B375A24DFFD0200A46747 /* Build configuration list for PBXNativeTarget "DavDoktor" */;
			buildPhases = (
				137B373724DFFCFC00A46747 /* Sources */,
				137B373824DFFCFC00A46747 /* Frameworks */,
				137B373924DFFCFC00A46747 /* Resources */,
			);
			buildRules = (
			);
			dependencies = (
			);
			name = DavDoktor;
			productName = DavDoktor;
			productReference = 137B373B24DFFCFC00A46747 /* DavDoktor.app */;
			productType = "com.apple.product-type.application";
		};
		137B375024DFFD0200A46747 /* DavDoktorTests */ = {
			isa = PBXNativeTarget;
			buildConfigurationList = 137B375D24DFFD0200A46747 /* Build configuration list for PBXNativeTarget "DavDoktorTests" */;
			buildPhases = (
				137B374D24DFFD0200A46747 /* Sources */,
				137B374E24DFFD0200A46747 /* Frameworks */,
				137B374F24DFFD0200A46747 /* Resources */,
			);
			buildRules = (
			);
			dependencies = (
				137B375324DFFD0200A46747 /* PBXTargetDependency */,
			);
			name = DavDoktorTests;
			productName = DavDoktorTests;
			productReference = 137B375124DFFD0200A46747 /* DavDoktorTests.xctest */;
			productType = "com.apple.product-type.bundle.unit-test";
		};
/* End PBXNativeTarget section */

/* Begin PBXProject section */
		137B373324DFFCFB00A46747 /* Project object */ = {
			isa = PBXProject;
			attributes = {
				LastSwiftUpdateCheck = 1160;
				LastUpgradeCheck = 1160;
				ORGANIZATIONNAME = "Thomas Thisgaard Steffensen";
				TargetAttributes = {
					137B373A24DFFCFC00A46747 = {
						CreatedOnToolsVersion = 11.6;
					};
					137B375024DFFD0200A46747 = {
						CreatedOnToolsVersion = 11.6;
						TestTargetID = 137B373A24DFFCFC00A46747;
					};
				};
			};
			buildConfigurationList = 137B373624DFFCFC00A46747 /* Build configuration list for PBXProject "DavDoktor" */;
			compatibilityVersion = "Xcode 9.3";
			developmentRegion = en;
			hasScannedForEncodings = 0;
			knownRegions = (
				en,
				Base,
			);
			mainGroup = 137B373224DFFCFB00A46747;
			productRefGroup = 137B373C24DFFCFC00A46747 /* Products */;
			projectDirPath = "";
			projectRoot = "";
			targets = (
				137B373A24DFFCFC00A46747 /* DavDoktor */,
				137B375024DFFD0200A46747 /* DavDoktorTests */,
			);
		};
/* End PBXProject section */

/* Begin PBXResourcesBuildPhase section */
		137B373924DFFCFC00A46747 /* Resources */ = {
			isa = PBXResourcesBuildPhase;
			buildActionMask = 2147483647;
			files = (
				137B377024E0013A00A46747 /* Info.plist in Resources */,
				137B374B24DFFD0100A46747 /* LaunchScreen.storyboard in Resources */,
				137B376824DFFEA300A46747 /* Assets.xcassets in Resources */,
				137B374624DFFCFC00A46747 /* Main.storyboard in Resources */,
			);
			runOnlyForDeploymentPostprocessing = 0;
		};
		137B374F24DFFD0200A46747 /* Resources */ = {
			isa = PBXResourcesBuildPhase;
			buildActionMask = 2147483647;
			files = (
			);
			runOnlyForDeploymentPostprocessing = 0;
		};
/* End PBXResourcesBuildPhase section */

/* Begin PBXSourcesBuildPhase section */
		137B373724DFFCFC00A46747 /* Sources */ = {
			isa = PBXSourcesBuildPhase;
			buildActionMask = 2147483647;
			files = (
				137B377A24E0096A00A46747 /* Conversation.swift in Sources */,
				137B377224E005C500A46747 /* User.swift in Sources */,
				1314DB7324E0263300AC938B /* UserData.swift in Sources */,
				137B373F24DFFCFC00A46747 /* AppDelegate.swift in Sources */,
				137B377824E0091600A46747 /* Message.swift in Sources */,
				137B376724DFFEA300A46747 /* MainMenuTableViewController.swift in Sources */,
				1314DB7124E0261A00AC938B /* NetworkServiceMock.swift in Sources */,
				137B374124DFFCFC00A46747 /* SceneDelegate.swift in Sources */,
				1314DB7924E0321A00AC938B /* ConversationData.swift in Sources */,
				1314DB7724E02F7A00AC938B /* ConversationTableViewController.swift in Sources */,
			);
			runOnlyForDeploymentPostprocessing = 0;
		};
		137B374D24DFFD0200A46747 /* Sources */ = {
			isa = PBXSourcesBuildPhase;
			buildActionMask = 2147483647;
			files = (
				137B375624DFFD0200A46747 /* DavDoktorConversationTests.swift in Sources */,
			);
			runOnlyForDeploymentPostprocessing = 0;
		};
/* End PBXSourcesBuildPhase section */

/* Begin PBXTargetDependency section */
		137B375324DFFD0200A46747 /* PBXTargetDependency */ = {
			isa = PBXTargetDependency;
			target = 137B373A24DFFCFC00A46747 /* DavDoktor */;
			targetProxy = 137B375224DFFD0200A46747 /* PBXContainerItemProxy */;
		};
/* End PBXTargetDependency section */

/* Begin PBXVariantGroup section */
		137B374424DFFCFC00A46747 /* Main.storyboard */ = {
			isa = PBXVariantGroup;
			children = (
				137B374524DFFCFC00A46747 /* Base */,
			);
			name = Main.storyboard;
			sourceTree = "<group>";
		};
		137B374924DFFD0100A46747 /* LaunchScreen.storyboard */ = {
			isa = PBXVariantGroup;
			children = (
				137B374A24DFFD0100A46747 /* Base */,
			);
			name = LaunchScreen.storyboard;
			sourceTree = "<group>";
		};
/* End PBXVariantGroup section */

/* Begin XCBuildConfiguration section */
		137B375824DFFD0200A46747 /* Debug */ = {
			isa = XCBuildConfiguration;
			buildSettings = {
				ALWAYS_SEARCH_USER_PATHS = NO;
				CLANG_ANALYZER_NONNULL = YES;
				CLANG_ANALYZER_NUMBER_OBJECT_CONVERSION = YES_AGGRESSIVE;
				CLANG_CXX_LANGUAGE_STANDARD = "gnu++14";
				CLANG_CXX_LIBRARY = "libc++";
				CLANG_ENABLE_MODULES = YES;
				CLANG_ENABLE_OBJC_ARC = YES;
				CLANG_ENABLE_OBJC_WEAK = YES;
				CLANG_WARN_BLOCK_CAPTURE_AUTORELEASING = YES;
				CLANG_WARN_BOOL_CONVERSION = YES;
				CLANG_WARN_COMMA = YES;
				CLANG_WARN_CONSTANT_CONVERSION = YES;
				CLANG_WARN_DEPRECATED_OBJC_IMPLEMENTATIONS = YES;
				CLANG_WARN_DIRECT_OBJC_ISA_USAGE = YES_ERROR;
				CLANG_WARN_DOCUMENTATION_COMMENTS = YES;
				CLANG_WARN_EMPTY_BODY = YES;
				CLANG_WARN_ENUM_CONVERSION = YES;
				CLANG_WARN_INFINITE_RECURSION = YES;
				CLANG_WARN_INT_CONVERSION = YES;
				CLANG_WARN_NON_LITERAL_NULL_CONVERSION = YES;
				CLANG_WARN_OBJC_IMPLICIT_RETAIN_SELF = YES;
				CLANG_WARN_OBJC_LITERAL_CONVERSION = YES;
				CLANG_WARN_OBJC_ROOT_CLASS = YES_ERROR;
				CLANG_WARN_RANGE_LOOP_ANALYSIS = YES;
				CLANG_WARN_STRICT_PROTOTYPES = YES;
				CLANG_WARN_SUSPICIOUS_MOVE = YES;
				CLANG_WARN_UNGUARDED_AVAILABILITY = YES_AGGRESSIVE;
				CLANG_WARN_UNREACHABLE_CODE = YES;
				CLANG_WARN__DUPLICATE_METHOD_MATCH = YES;
				COPY_PHASE_STRIP = NO;
				DEBUG_INFORMATION_FORMAT = dwarf;
				ENABLE_STRICT_OBJC_MSGSEND = YES;
				ENABLE_TESTABILITY = YES;
				GCC_C_LANGUAGE_STANDARD = gnu11;
				GCC_DYNAMIC_NO_PIC = NO;
				GCC_NO_COMMON_BLOCKS = YES;
				GCC_OPTIMIZATION_LEVEL = 0;
				GCC_PREPROCESSOR_DEFINITIONS = (
					"DEBUG=1",
					"$(inherited)",
				);
				GCC_WARN_64_TO_32_BIT_CONVERSION = YES;
				GCC_WARN_ABOUT_RETURN_TYPE = YES_ERROR;
				GCC_WARN_UNDECLARED_SELECTOR = YES;
				GCC_WARN_UNINITIALIZED_AUTOS = YES_AGGRESSIVE;
				GCC_WARN_UNUSED_FUNCTION = YES;
				GCC_WARN_UNUSED_VARIABLE = YES;
				IPHONEOS_DEPLOYMENT_TARGET = 13.6;
				MTL_ENABLE_DEBUG_INFO = INCLUDE_SOURCE;
				MTL_FAST_MATH = YES;
				ONLY_ACTIVE_ARCH = YES;
				SDKROOT = iphoneos;
				SWIFT_ACTIVE_COMPILATION_CONDITIONS = DEBUG;
				SWIFT_OPTIMIZATION_LEVEL = "-Onone";
			};
			name = Debug;
		};
		137B375924DFFD0200A46747 /* Release */ = {
			isa = XCBuildConfiguration;
			buildSettings = {
				ALWAYS_SEARCH_USER_PATHS = NO;
				CLANG_ANALYZER_NONNULL = YES;
				CLANG_ANALYZER_NUMBER_OBJECT_CONVERSION = YES_AGGRESSIVE;
				CLANG_CXX_LANGUAGE_STANDARD = "gnu++14";
				CLANG_CXX_LIBRARY = "libc++";
				CLANG_ENABLE_MODULES = YES;
				CLANG_ENABLE_OBJC_ARC = YES;
				CLANG_ENABLE_OBJC_WEAK = YES;
				CLANG_WARN_BLOCK_CAPTURE_AUTORELEASING = YES;
				CLANG_WARN_BOOL_CONVERSION = YES;
				CLANG_WARN_COMMA = YES;
				CLANG_WARN_CONSTANT_CONVERSION = YES;
				CLANG_WARN_DEPRECATED_OBJC_IMPLEMENTATIONS = YES;
				CLANG_WARN_DIRECT_OBJC_ISA_USAGE = YES_ERROR;
				CLANG_WARN_DOCUMENTATION_COMMENTS = YES;
				CLANG_WARN_EMPTY_BODY = YES;
				CLANG_WARN_ENUM_CONVERSION = YES;
				CLANG_WARN_INFINITE_RECURSION = YES;
				CLANG_WARN_INT_CONVERSION = YES;
				CLANG_WARN_NON_LITERAL_NULL_CONVERSION = YES;
				CLANG_WARN_OBJC_IMPLICIT_RETAIN_SELF = YES;
				CLANG_WARN_OBJC_LITERAL_CONVERSION = YES;
				CLANG_WARN_OBJC_ROOT_CLASS = YES_ERROR;
				CLANG_WARN_RANGE_LOOP_ANALYSIS = YES;
				CLANG_WARN_STRICT_PROTOTYPES = YES;
				CLANG_WARN_SUSPICIOUS_MOVE = YES;
				CLANG_WARN_UNGUARDED_AVAILABILITY = YES_AGGRESSIVE;
				CLANG_WARN_UNREACHABLE_CODE = YES;
				CLANG_WARN__DUPLICATE_METHOD_MATCH = YES;
				COPY_PHASE_STRIP = NO;
				DEBUG_INFORMATION_FORMAT = "dwarf-with-dsym";
				ENABLE_NS_ASSERTIONS = NO;
				ENABLE_STRICT_OBJC_MSGSEND = YES;
				GCC_C_LANGUAGE_STANDARD = gnu11;
				GCC_NO_COMMON_BLOCKS = YES;
				GCC_WARN_64_TO_32_BIT_CONVERSION = YES;
				GCC_WARN_ABOUT_RETURN_TYPE = YES_ERROR;
				GCC_WARN_UNDECLARED_SELECTOR = YES;
				GCC_WARN_UNINITIALIZED_AUTOS = YES_AGGRESSIVE;
				GCC_WARN_UNUSED_FUNCTION = YES;
				GCC_WARN_UNUSED_VARIABLE = YES;
				IPHONEOS_DEPLOYMENT_TARGET = 13.6;
				MTL_ENABLE_DEBUG_INFO = NO;
				MTL_FAST_MATH = YES;
				SDKROOT = iphoneos;
				SWIFT_COMPILATION_MODE = wholemodule;
				SWIFT_OPTIMIZATION_LEVEL = "-O";
				VALIDATE_PRODUCT = YES;
			};
			name = Release;
		};
		137B375B24DFFD0200A46747 /* Debug */ = {
			isa = XCBuildConfiguration;
			buildSettings = {
				ASSETCATALOG_COMPILER_APPICON_NAME = AppIcon;
				CODE_SIGN_STYLE = Automatic;
				DEVELOPMENT_TEAM = 6SY8RFDES7;
				INFOPLIST_FILE = DavDoktor/Resources/Info.plist;
				LD_RUNPATH_SEARCH_PATHS = (
					"$(inherited)",
					"@executable_path/Frameworks",
				);
				PRODUCT_BUNDLE_IDENTIFIER = com.tts.DavDoktor;
				PRODUCT_NAME = "$(TARGET_NAME)";
				SWIFT_VERSION = 5.0;
				TARGETED_DEVICE_FAMILY = "1,2";
			};
			name = Debug;
		};
		137B375C24DFFD0200A46747 /* Release */ = {
			isa = XCBuildConfiguration;
			buildSettings = {
				ASSETCATALOG_COMPILER_APPICON_NAME = AppIcon;
				CODE_SIGN_STYLE = Automatic;
				DEVELOPMENT_TEAM = 6SY8RFDES7;
				INFOPLIST_FILE = DavDoktor/Resources/Info.plist;
				LD_RUNPATH_SEARCH_PATHS = (
					"$(inherited)",
					"@executable_path/Frameworks",
				);
				PRODUCT_BUNDLE_IDENTIFIER = com.tts.DavDoktor;
				PRODUCT_NAME = "$(TARGET_NAME)";
				SWIFT_VERSION = 5.0;
				TARGETED_DEVICE_FAMILY = "1,2";
			};
			name = Release;
		};
		137B375E24DFFD0200A46747 /* Debug */ = {
			isa = XCBuildConfiguration;
			buildSettings = {
				ALWAYS_EMBED_SWIFT_STANDARD_LIBRARIES = YES;
				BUNDLE_LOADER = "$(TEST_HOST)";
				CODE_SIGN_STYLE = Automatic;
				DEVELOPMENT_TEAM = 6SY8RFDES7;
				INFOPLIST_FILE = DavDoktorTests/Info.plist;
				IPHONEOS_DEPLOYMENT_TARGET = 13.6;
				LD_RUNPATH_SEARCH_PATHS = (
					"$(inherited)",
					"@executable_path/Frameworks",
					"@loader_path/Frameworks",
				);
				PRODUCT_BUNDLE_IDENTIFIER = com.tts.DavDoktorTests;
				PRODUCT_NAME = "$(TARGET_NAME)";
				SWIFT_VERSION = 5.0;
				TARGETED_DEVICE_FAMILY = "1,2";
				TEST_HOST = "$(BUILT_PRODUCTS_DIR)/DavDoktor.app/DavDoktor";
			};
			name = Debug;
		};
		137B375F24DFFD0200A46747 /* Release */ = {
			isa = XCBuildConfiguration;
			buildSettings = {
				ALWAYS_EMBED_SWIFT_STANDARD_LIBRARIES = YES;
				BUNDLE_LOADER = "$(TEST_HOST)";
				CODE_SIGN_STYLE = Automatic;
				DEVELOPMENT_TEAM = 6SY8RFDES7;
				INFOPLIST_FILE = DavDoktorTests/Info.plist;
				IPHONEOS_DEPLOYMENT_TARGET = 13.6;
				LD_RUNPATH_SEARCH_PATHS = (
					"$(inherited)",
					"@executable_path/Frameworks",
					"@loader_path/Frameworks",
				);
				PRODUCT_BUNDLE_IDENTIFIER = com.tts.DavDoktorTests;
				PRODUCT_NAME = "$(TARGET_NAME)";
				SWIFT_VERSION = 5.0;
				TARGETED_DEVICE_FAMILY = "1,2";
				TEST_HOST = "$(BUILT_PRODUCTS_DIR)/DavDoktor.app/DavDoktor";
			};
			name = Release;
		};
/* End XCBuildConfiguration section */

/* Begin XCConfigurationList section */
		137B373624DFFCFC00A46747 /* Build configuration list for PBXProject "DavDoktor" */ = {
			isa = XCConfigurationList;
			buildConfigurations = (
				137B375824DFFD0200A46747 /* Debug */,
				137B375924DFFD0200A46747 /* Release */,
			);
			defaultConfigurationIsVisible = 0;
			defaultConfigurationName = Release;
		};
		137B375A24DFFD0200A46747 /* Build configuration list for PBXNativeTarget "DavDoktor" */ = {
			isa = XCConfigurationList;
			buildConfigurations = (
				137B375B24DFFD0200A46747 /* Debug */,
				137B375C24DFFD0200A46747 /* Release */,
			);
			defaultConfigurationIsVisible = 0;
			defaultConfigurationName = Release;
		};
		137B375D24DFFD0200A46747 /* Build configuration list for PBXNativeTarget "DavDoktorTests" */ = {
			isa = XCConfigurationList;
			buildConfigurations = (
				137B375E24DFFD0200A46747 /* Debug */,
				137B375F24DFFD0200A46747 /* Release */,
			);
			defaultConfigurationIsVisible = 0;
			defaultConfigurationName = Release;
		};
/* End XCConfigurationList section */
	};
	rootObject = 137B373324DFFCFB00A46747 /* Project object */;
}
